{
  "nodes": {
    "nixpkgs": {
      "locked": {
        "lastModified": 1614114489,
        "narHash": "sha256-BP2lMuuJk/chcHClmPStN/s3O4BsivZe1GxEyTGKz84=",
        "owner": "NixOS",
        "repo": "nixpkgs",
        "rev": "60358d0dcfe43e6eeeb56b4c21e3beaf0b2fef81",
        "type": "github"
      },
      "original": {
        "id": "nixpkgs",
        "type": "indirect"
      }
    },
    "root": {
      "inputs": {
        "nixpkgs": "nixpkgs"
      }
    }
  },
  "root": "root",
  "version": 7
}
